
Microsoft Visual Studio Solution File, Format Version 12.00
# Visual Studio Version 16
VisualStudioVersion = 16.0.31019.35
MinimumVisualStudioVersion = 10.0.40219.1
Project("{FAE04EC0-301F-11D3-BF4B-00C04F79EFBC}") = "AsyncDemo", "AsyncDemo\AsyncDemo.csproj", "{16802C9E-B05F-4E05-9ABE-21B25C0A7153}"
EndProject
Global
	GlobalSection(SolutionConfigurationPlatforms) = preSolution
		Debug|Any CPU = Debug|Any CPU
		Release|Any CPU = Release|Any CPU
	EndGlobalSection
	GlobalSection(ProjectConfigurationPlatforms) = postSolution
		{16802C9E-B05F-4E05-9ABE-21B25C0A7153}.Debug|Any CPU.ActiveCfg = Debug|Any CPU
		{16802C9E-B05F-4E05-9ABE-21B25C0A7153}.Debug|Any CPU.Build.0 = Debug|Any CPU
		{16802C9E-B05F-4E05-9ABE-21B25C0A7153}.Release|Any CPU.ActiveCfg = Release|Any CPU
		{16802C9E-B05F-4E05-9ABE-21B25C0A7153}.Release|Any CPU.Build.0 = Release|Any CPU
	EndGlobalSection
	GlobalSection(SolutionProperties) = preSolution
		HideSolutionNode = FALSE
	EndGlobalSection
	GlobalSection(ExtensibilityGlobals) = postSolution
		SolutionGuid = {192750F6-9868-46B5-998D-C569E4CF59DE}
	EndGlobalSection
EndGlobal
